<?xml version="1.0" encoding="utf-8"?>
<Project ToolsVersion="4.0" xmlns="http://schemas.microsoft.com/developer/msbuild/2003">
  <ItemGroup>
    <Filter Include="Source Files">
      <UniqueIdentifier>{4FC737F1-C7A5-4376-A066-2A32D752A2FF}</UniqueIdentifier>
      <Extensions>cpp;c;cc;cxx;def;odl;idl;hpj;bat;asm;asmx</Extensions>
    </Filter>
    <Filter Include="Header Files">
      <UniqueIdentifier>{93995380-89BD-4b04-88EB-625FBE52EBFB}</UniqueIdentifier>
      <Extensions>h;hh;hpp;hxx;hm;inl;inc;xsd</Extensions>
    </Filter>
    <Filter Include="Resource Files">
      <UniqueIdentifier>{67DA6AB6-F800-4c08-8B7A-83BB121AAD01}</UniqueIdentifier>
      <Extensions>rc;ico;cur;bmp;dlg;rc2;rct;bin;rgs;gif;jpg;jpeg;jpe;resx;tiff;tif;png;wav;mfcribbon-ms</Extensions>
    </Filter>
    <Filter Include="Components">
      <UniqueIdentifier>{5d9b366d-a331-4b5b-af0a-47b358c0d177}</UniqueIdentifier>
    </Filter>
    <Filter Include="Commands">
      <UniqueIdentifier>{c5b598c9-bf13-4dbd-8510-21734aef2380}</UniqueIdentifier>
    </Filter>
    <Filter Include="Observers">
      <UniqueIdentifier>{493d1c09-d902-4247-aa83-a80fb07aa1a5}</UniqueIdentifier>
    </Filter>
    <Filter Include="Services">
      <UniqueIdentifier>{6938d73f-440c-4999-83b4-fbb8c69b2821}</UniqueIdentifier>
    </Filter>
  </ItemGroup>
  <ItemGroup>
    <ClInclude Include="Singleton.h">
      <Filter>Header Files</Filter>
    </ClInclude>
    <ClInclude Include="ResourceManager.h">
      <Filter>Header Files</Filter>
    </ClInclude>
    <ClInclude Include="Renderer.h">
      <Filter>Header Files</Filter>
    </ClInclude>
    <ClInclude Include="InputManager.h">
      <Filter>Header Files</Filter>
    </ClInclude>
    <ClInclude Include="GameObject.h">
      <Filter>Header Files</Filter>
    </ClInclude>
    <ClInclude Include="Scene.h">
      <Filter>Header Files</Filter>
    </ClInclude>
    <ClInclude Include="SceneManager.h">
      <Filter>Header Files</Filter>
    </ClInclude>
    <ClInclude Include="Font.h">
      <Filter>Header Files</Filter>
    </ClInclude>
    <ClInclude Include="Component.h">
      <Filter>Components</Filter>
    </ClInclude>
    <ClInclude Include="TransformComponent.h">
      <Filter>Components</Filter>
    </ClInclude>
    <ClInclude Include="TextureComponent.h">
      <Filter>Components</Filter>
    </ClInclude>
    <ClInclude Include="TextComponent.h">
      <Filter>Components</Filter>
    </ClInclude>
    <ClInclude Include="FPSComponent.h">
      <Filter>Components</Filter>
    </ClInclude>
    <ClInclude Include="Command.h">
      <Filter>Commands</Filter>
    </ClInclude>
    <ClInclude Include="InputComponent.h">
      <Filter>Components</Filter>
    </ClInclude>
    <ClInclude Include="Observer.h">
      <Filter>Observers</Filter>
    </ClInclude>
    <ClInclude Include="AudioService.h">
      <Filter>Services</Filter>
    </ClInclude>
    <ClInclude Include="ActorComponent.h">
      <Filter>Components</Filter>
    </ClInclude>
    <ClInclude Include="CaerusEngine.h">
      <Filter>Header Files</Filter>
    </ClInclude>
    <ClInclude Include="CaerusPCH.h">
      <Filter>Header Files</Filter>
    </ClInclude>
    <ClInclude Include="TextureData.h">
      <Filter>Header Files</Filter>
    </ClInclude>
    <ClInclude Include="AIComponent.h">
      <Filter>Components</Filter>
    </ClInclude>
    <ClInclude Include="AnimatorComponent.h">
      <Filter>Components</Filter>
    </ClInclude>
    <ClInclude Include="CommandProvider.h">
      <Filter>Commands</Filter>
    </ClInclude>
    <ClInclude Include="RandomNumberGenerator.h">
      <Filter>Header Files</Filter>
    </ClInclude>
    <ClInclude Include="SpawnerComponent.h">
      <Filter>Components</Filter>
    </ClInclude>
    <ClInclude Include="NullAudio.h">
      <Filter>Header Files</Filter>
    </ClInclude>
    <ClInclude Include="Locator.h">
      <Filter>Header Files</Filter>
    </ClInclude>
  </ItemGroup>
  <ItemGroup>
    <ClCompile Include="ResourceManager.cpp">
      <Filter>Source Files</Filter>
    </ClCompile>
    <ClCompile Include="Renderer.cpp">
      <Filter>Source Files</Filter>
    </ClCompile>
    <ClCompile Include="InputManager.cpp">
      <Filter>Source Files</Filter>
    </ClCompile>
    <ClCompile Include="GameObject.cpp">
      <Filter>Source Files</Filter>
    </ClCompile>
    <ClCompile Include="Scene.cpp">
      <Filter>Source Files</Filter>
    </ClCompile>
    <ClCompile Include="SceneManager.cpp">
      <Filter>Source Files</Filter>
    </ClCompile>
    <ClCompile Include="Font.cpp">
      <Filter>Source Files</Filter>
    </ClCompile>
    <ClCompile Include="Main.cpp">
      <Filter>Source Files</Filter>
    </ClCompile>
    <ClCompile Include="TransformComponent.cpp">
      <Filter>Components</Filter>
    </ClCompile>
    <ClCompile Include="TextureComponent.cpp">
      <Filter>Components</Filter>
    </ClCompile>
    <ClCompile Include="TextComponent.cpp">
      <Filter>Components</Filter>
    </ClCompile>
    <ClCompile Include="FPSComponent.cpp">
      <Filter>Components</Filter>
    </ClCompile>
    <ClCompile Include="InputComponent.cpp">
      <Filter>Components</Filter>
    </ClCompile>
    <ClCompile Include="AudioService.cpp">
      <Filter>Services</Filter>
    </ClCompile>
    <ClCompile Include="ActorComponent.cpp">
      <Filter>Components</Filter>
    </ClCompile>
    <ClCompile Include="CaerusEngine.cpp">
      <Filter>Source Files</Filter>
    </ClCompile>
    <ClCompile Include="CaerusPCH.cpp">
      <Filter>Source Files</Filter>
    </ClCompile>
    <ClCompile Include="AIComponent.cpp">
      <Filter>Components</Filter>
    </ClCompile>
    <ClCompile Include="AnimatorComponent.cpp">
      <Filter>Components</Filter>
    </ClCompile>
    <ClCompile Include="CommandProvider.cpp">
      <Filter>Commands</Filter>
    </ClCompile>
    <ClCompile Include="RandomNumberGenerator.cpp">
      <Filter>Source Files</Filter>
    </ClCompile>
    <ClCompile Include="SpawnerComponent.cpp">
      <Filter>Components</Filter>
    </ClCompile>
    <ClCompile Include="NullAudio.cpp">
      <Filter>Source Files</Filter>
    </ClCompile>
    <ClCompile Include="Locator.cpp">
      <Filter>Source Files</Filter>
    </ClCompile>
  </ItemGroup>
</Project>